# generated by rye
# use `rye lock` or `rye sync` to update this lockfile
#
# last locked with the following flags:
#   pre: false
#   features: []
#   all-features: false
#   with-sources: false
#   generate-hashes: false

-e file:.
attrs==23.2.0
    # via cattrs
    # via jsii
aws-cdk-asset-awscli-v1==2.2.202
    # via aws-cdk-lib
aws-cdk-asset-kubectl-v20==2.1.2
    # via aws-cdk-lib
aws-cdk-asset-node-proxy-agent-v6==2.0.3
    # via aws-cdk-lib
aws-cdk-lib==2.148.0
    # via cdk-pyproject
cattrs==23.2.3
    # via jsii
constructs==10.3.0
    # via aws-cdk-lib
importlib-resources==6.4.0
    # via jsii
jsii==1.101.0
    # via aws-cdk-asset-awscli-v1
    # via aws-cdk-asset-kubectl-v20
    # via aws-cdk-asset-node-proxy-agent-v6
    # via aws-cdk-lib
    # via constructs
packaging==24.1
    # via pyproject-metadata
publication==0.0.3
    # via aws-cdk-asset-awscli-v1
    # via aws-cdk-asset-kubectl-v20
    # via aws-cdk-asset-node-proxy-agent-v6
    # via aws-cdk-lib
    # via constructs
    # via jsii
pyproject-metadata==0.8.0
    # via cdk-pyproject
python-dateutil==2.9.0.post0
    # via jsii
six==1.16.0
    # via python-dateutil
typeguard==2.13.3
    # via aws-cdk-asset-awscli-v1
    # via aws-cdk-asset-kubectl-v20
    # via aws-cdk-asset-node-proxy-agent-v6
    # via aws-cdk-lib
    # via constructs
    # via jsii
typing-extensions==4.12.2
    # via jsii
