# generated by rye
# use `rye lock` or `rye sync` to update this lockfile
#
# last locked with the following flags:
#   pre: false
#   features: []
#   all-features: false
#   with-sources: false
#   generate-hashes: false

-e file:.
annotated-types==0.7.0
    # via pydantic
anyio==4.4.0
    # via httpx
    # via starlette
    # via watchfiles
asn1crypto==1.5.1
    # via snowflake-connector-python
asttokens==2.4.1
    # via stack-data
atpublic==4.1.0
    # via turntable-spoonbill
backoff==2.2.1
    # via posthog
beartype==0.18.5
    # via plum-dispatch
bidict==0.23.1
    # via turntable-spoonbill
    # via vinyl
bitarray==2.9.2
    # via netext
cachetools==5.3.3
    # via google-auth
    # via netext
certifi==2024.6.2
    # via httpcore
    # via httpx
    # via pyogrio
    # via pyproj
    # via requests
    # via snowflake-connector-python
cffi==1.16.0
    # via cryptography
    # via snowflake-connector-python
charset-normalizer==3.3.2
    # via requests
    # via snowflake-connector-python
click==8.1.7
    # via typer
    # via uvicorn
contourpy==1.2.1
    # via matplotlib
cryptography==42.0.8
    # via pyopenssl
    # via snowflake-connector-python
    # via vinyl
cycler==0.12.1
    # via matplotlib
db-dtypes==1.2.0
    # via turntable-spoonbill
dbt-extractor==0.5.1
    # via vinyl
decorator==5.1.1
    # via ipython
deepmerge==1.1.1
    # via vinyl
dill==0.3.8
    # via multiprocess
dnspython==2.6.1
    # via email-validator
duckdb==0.10.3
    # via turntable-spoonbill
email-validator==2.2.0
    # via fastapi
executing==2.0.1
    # via stack-data
fastapi==0.111.0
    # via vinyl
fastapi-cli==0.0.4
    # via fastapi
filelock==3.15.4
    # via snowflake-connector-python
fonttools==4.53.0
    # via matplotlib
fsspec==2024.6.1
    # via vinyl
geopandas==1.0.1
    # via vinyl
google-api-core==2.19.1
    # via google-cloud-bigquery
    # via google-cloud-bigquery-storage
    # via google-cloud-core
google-auth==2.31.0
    # via google-api-core
    # via google-auth-oauthlib
    # via google-cloud-bigquery
    # via google-cloud-bigquery-storage
    # via google-cloud-core
    # via pydata-google-auth
google-auth-oauthlib==1.2.0
    # via pydata-google-auth
google-cloud-bigquery==3.25.0
    # via turntable-spoonbill
google-cloud-bigquery-storage==2.25.0
    # via turntable-spoonbill
google-cloud-core==2.4.1
    # via google-cloud-bigquery
google-crc32c==1.5.0
    # via google-resumable-media
google-resumable-media==2.7.1
    # via google-cloud-bigquery
googleapis-common-protos==1.63.2
    # via google-api-core
    # via grpcio-status
grandalf==0.7
    # via netext
grpcio==1.64.1
    # via google-api-core
    # via grpcio-status
grpcio-status==1.62.2
    # via google-api-core
h11==0.14.0
    # via httpcore
    # via uvicorn
httpcore==1.0.5
    # via httpx
httptools==0.6.1
    # via uvicorn
httpx==0.27.0
    # via fastapi
    # via vinyl
idna==3.7
    # via anyio
    # via email-validator
    # via httpx
    # via requests
    # via snowflake-connector-python
iniconfig==2.0.0
    # via pytest
ipython==8.26.0
jedi==0.19.1
    # via ipython
jinja2==3.1.4
    # via fastapi
kiwisolver==1.4.5
    # via matplotlib
lets-plot==4.3.3
    # via vinyl
linkify-it-py==2.0.3
    # via markdown-it-py
markdown-it-py==3.0.0
    # via mdit-py-plugins
    # via rich
    # via textual
markupsafe==2.1.5
    # via jinja2
matplotlib==3.9.0
    # via networkx
matplotlib-inline==0.1.7
    # via ipython
mdit-py-plugins==0.4.1
    # via markdown-it-py
mdurl==0.1.2
    # via markdown-it-py
monotonic==1.6
    # via posthog
mpire==2.10.2
    # via vinyl
multiprocess==0.70.16
    # via mpire
mypy==1.10.1
mypy-extensions==1.0.0
    # via mypy
netext==0.2.1
    # via vinyl
networkx==3.3
    # via netext
ngrok==1.3.0
    # via vinyl
numpy==1.26.4
    # via contourpy
    # via db-dtypes
    # via geopandas
    # via matplotlib
    # via networkx
    # via pandas
    # via pyarrow
    # via pyogrio
    # via rustworkx
    # via scipy
    # via shapely
    # via turntable-spoonbill
oauthlib==3.2.2
    # via requests-oauthlib
orjson==3.10.5
    # via fastapi
    # via vinyl
packaging==24.1
    # via db-dtypes
    # via geopandas
    # via google-cloud-bigquery
    # via matplotlib
    # via pyogrio
    # via pytest
    # via snowflake-connector-python
palettable==3.3.3
    # via lets-plot
pandas==2.2.2
    # via db-dtypes
    # via geopandas
    # via networkx
    # via turntable-spoonbill
    # via vinyl
parso==0.8.4
    # via jedi
parsy==2.1
    # via turntable-spoonbill
pexpect==4.9.0
    # via ipython
pillow==10.3.0
    # via matplotlib
platformdirs==4.2.2
    # via snowflake-connector-python
    # via vinyl
pluggy==1.5.0
    # via pytest
plum-dispatch==2.4.3
    # via netext
posthog==3.5.0
    # via vinyl
prompt-toolkit==3.0.47
    # via ipython
proto-plus==1.24.0
    # via google-api-core
    # via google-cloud-bigquery-storage
protobuf==4.25.3
    # via google-api-core
    # via google-cloud-bigquery-storage
    # via googleapis-common-protos
    # via grpcio-status
    # via proto-plus
psycopg2-binary==2.9.9
    # via turntable-spoonbill
ptyprocess==0.7.0
    # via pexpect
pure-eval==0.2.2
    # via stack-data
pyarrow==15.0.2
    # via db-dtypes
    # via turntable-spoonbill
pyarrow-hotfix==0.6
    # via turntable-spoonbill
pyasn1==0.6.0
    # via pyasn1-modules
    # via rsa
pyasn1-modules==0.4.0
    # via google-auth
pycparser==2.22
    # via cffi
pydantic==2.7.4
    # via fastapi
    # via vinyl
pydantic-core==2.18.4
    # via pydantic
pydata-google-auth==1.8.2
    # via turntable-spoonbill
pygments==2.18.0
    # via ipython
    # via mpire
    # via rich
pyinstrument==4.6.2
pyjwt==2.8.0
    # via snowflake-connector-python
pyogrio==0.9.0
    # via geopandas
pyopenssl==24.1.0
    # via snowflake-connector-python
pyparsing==3.1.2
    # via grandalf
    # via matplotlib
pypng==0.20220715.0
    # via lets-plot
pyproj==3.6.1
    # via geopandas
pytest==8.2.2
python-dateutil==2.9.0.post0
    # via google-cloud-bigquery
    # via matplotlib
    # via pandas
    # via posthog
    # via turntable-spoonbill
python-dotenv==1.0.1
    # via uvicorn
    # via vinyl
python-multipart==0.0.9
    # via fastapi
pytz==2024.1
    # via pandas
    # via snowflake-connector-python
    # via turntable-spoonbill
pyyaml==6.0.1
    # via uvicorn
    # via watchdog
requests==2.32.3
    # via google-api-core
    # via google-cloud-bigquery
    # via posthog
    # via requests-oauthlib
    # via snowflake-connector-python
requests-oauthlib==2.0.0
    # via google-auth-oauthlib
rich==13.7.1
    # via netext
    # via plum-dispatch
    # via textual
    # via turntable-spoonbill
    # via typer
rsa==4.9
    # via google-auth
rtree==1.2.0
    # via netext
ruff==0.5.0
    # via vinyl
rustworkx==0.15.1
    # via vinyl
scipy==1.14.0
    # via networkx
setuptools==70.2.0
    # via pydata-google-auth
shapely==2.0.4
    # via geopandas
    # via netext
shellingham==1.5.4
    # via typer
six==1.16.0
    # via asttokens
    # via posthog
    # via python-dateutil
sniffio==1.3.1
    # via anyio
    # via httpx
snowflake-connector-python==3.11.0
    # via turntable-spoonbill
sortedcontainers==2.4.0
    # via snowflake-connector-python
sqlglot==25.0.3
    # via turntable-spoonbill
    # via vinyl
sqlglotrs==0.2.5
    # via sqlglot
stack-data==0.6.3
    # via ipython
starlette==0.37.2
    # via fastapi
textual==0.71.0
    # via vinyl
toml==0.10.2
    # via vinyl
tomlkit==0.12.5
    # via snowflake-connector-python
toolz==0.12.1
    # via turntable-spoonbill
tqdm==4.66.4
    # via mpire
    # via vinyl
traitlets==5.14.3
    # via ipython
    # via matplotlib-inline
turntable-spoonbill==10.0.2
    # via vinyl
typer==0.12.3
    # via fastapi-cli
    # via vinyl
types-pytz==2024.1.0.20240417
types-pyyaml==6.0.12.20240311
types-toml==0.10.8.20240310
typing-extensions==4.12.2
    # via fastapi
    # via ipython
    # via mypy
    # via pydantic
    # via pydantic-core
    # via snowflake-connector-python
    # via textual
    # via turntable-spoonbill
    # via typer
tzdata==2024.1
    # via pandas
uc-micro-py==1.0.3
    # via linkify-it-py
ujson==5.10.0
    # via fastapi
urllib3==2.2.2
    # via requests
uvicorn==0.30.1
    # via fastapi
    # via vinyl
uvloop==0.19.0
    # via uvicorn
watchdog==4.0.1
    # via vinyl
watchfiles==0.22.0
    # via uvicorn
wcwidth==0.2.13
    # via prompt-toolkit
websockets==12.0
    # via uvicorn
    # via vinyl
